<?xml version="1.0" encoding="utf-8"?>
<Project ToolsVersion="4.0" xmlns="http://schemas.microsoft.com/developer/msbuild/2003">
  <ItemGroup>
    <Filter Include="Resource Files">
      <UniqueIdentifier>{67DA6AB6-F800-4c08-8B7A-83BB121AAD01}</UniqueIdentifier>
      <Extensions>rc;ico;cur;bmp;dlg;rc2;rct;bin;rgs;gif;jpg;jpeg;jpe;resx;tiff;tif;png;wav;mfcribbon-ms</Extensions>
    </Filter>
    <Filter Include="src">
      <UniqueIdentifier>{4FC737F1-C7A5-4376-A066-2A32D752A2FF}</UniqueIdentifier>
      <Extensions>cpp;c;cc;cxx;c++;cppm;ixx;def;odl;idl;hpj;bat;asm;asmx</Extensions>
    </Filter>
    <Filter Include="src\extern">
      <UniqueIdentifier>{d8be32ad-2a90-4ef8-bd8f-22e23071e571}</UniqueIdentifier>
    </Filter>
    <Filter Include="src\Proxy">
      <UniqueIdentifier>{05a759b7-5574-4ed3-92de-0c5a45a1c451}</UniqueIdentifier>
    </Filter>
    <Filter Include="src\extern\ReleaseInjector">
      <UniqueIdentifier>{8c886737-4a75-4ba5-ade3-803e1788e6ec}</UniqueIdentifier>
    </Filter>
    <Filter Include="src\JNIHandler">
      <UniqueIdentifier>{df03cb63-29bc-4f80-8015-51d3b800ea02}</UniqueIdentifier>
    </Filter>
    <Filter Include="src\extern\JNI">
      <UniqueIdentifier>{005b6a1a-5af9-4921-8482-1e0aab4a5acb}</UniqueIdentifier>
    </Filter>
  </ItemGroup>
  <ItemGroup>
    <Image Include="small.ico">
      <Filter>Resource Files</Filter>
    </Image>
    <Image Include="Proxy.ico">
      <Filter>Resource Files</Filter>
    </Image>
  </ItemGroup>
  <ItemGroup>
    <ClCompile Include="Proxy.cpp">
      <Filter>src\Proxy</Filter>
    </ClCompile>
  </ItemGroup>
  <ItemGroup>
    <ClInclude Include="extern\ReleaseInjector\Cleanup.h">
      <Filter>src\extern\ReleaseInjector</Filter>
    </ClInclude>
    <ClInclude Include="extern\ReleaseInjector\Conditionals.h">
      <Filter>src\extern\ReleaseInjector</Filter>
    </ClInclude>
    <ClInclude Include="extern\ReleaseInjector\Globals.h">
      <Filter>src\extern\ReleaseInjector</Filter>
    </ClInclude>
    <ClInclude Include="extern\ReleaseInjector\HandleGuard.h">
      <Filter>src\extern\ReleaseInjector</Filter>
    </ClInclude>
    <ClInclude Include="extern\ReleaseInjector\InjectorContext.h">
      <Filter>src\extern\ReleaseInjector</Filter>
    </ClInclude>
    <ClInclude Include="extern\ReleaseInjector\ManualMap.h">
      <Filter>src\extern\ReleaseInjector</Filter>
    </ClInclude>
    <ClInclude Include="extern\ReleaseInjector\Memory.h">
      <Filter>src\extern\ReleaseInjector</Filter>
    </ClInclude>
    <ClInclude Include="extern\ReleaseInjector\Procedure.h">
      <Filter>src\extern\ReleaseInjector</Filter>
    </ClInclude>
    <ClInclude Include="extern\ReleaseInjector\Process.h">
      <Filter>src\extern\ReleaseInjector</Filter>
    </ClInclude>
    <ClInclude Include="extern\ReleaseInjector\Resource.h">
      <Filter>src\extern\ReleaseInjector</Filter>
    </ClInclude>
    <ClInclude Include="extern\ReleaseInjector\ShellcodeHelper.h">
      <Filter>src\extern\ReleaseInjector</Filter>
    </ClInclude>
    <ClInclude Include="JNIHandler.h">
      <Filter>src\JNIHandler</Filter>
    </ClInclude>
    <ClInclude Include="Proxy.h">
      <Filter>src\Proxy</Filter>
    </ClInclude>
  </ItemGroup>
  <ItemGroup>
    <Library Include="extern\ReleaseInjector\Injectorv2 (1).lib">
      <Filter>src\extern\ReleaseInjector</Filter>
    </Library>
    <Library Include="extern\JNI\jnipp.lib">
      <Filter>src\extern\JNI</Filter>
    </Library>
  </ItemGroup>
</Project>